
Microsoft Visual Studio Solution File, Format Version 12.00
# Visual Studio Version 17
VisualStudioVersion = 17.14.36623.8
MinimumVisualStudioVersion = 10.0.40219.1
Project("{FAE04EC0-301F-11D3-BF4B-00C04F79EFBC}") = "ReGUI", "ReGUI.csproj", "{223D7A6E-2C27-4980-B8C1-D7E5284078E7}"
EndProject
Global
	GlobalSection(SolutionConfigurationPlatforms) = preSolution
		Debug|Any CPU = Debug|Any CPU
		Release|Any CPU = Release|Any CPU
	EndGlobalSection
	GlobalSection(ProjectConfigurationPlatforms) = postSolution
		{223D7A6E-2C27-4980-B8C1-D7E5284078E7}.Debug|Any CPU.ActiveCfg = Debug|Any CPU
		{223D7A6E-2C27-4980-B8C1-D7E5284078E7}.Debug|Any CPU.Build.0 = Debug|Any CPU
		{223D7A6E-2C27-4980-B8C1-D7E5284078E7}.Release|Any CPU.ActiveCfg = Release|Any CPU
		{223D7A6E-2C27-4980-B8C1-D7E5284078E7}.Release|Any CPU.Build.0 = Release|Any CPU
	EndGlobalSection
	GlobalSection(SolutionProperties) = preSolution
		HideSolutionNode = FALSE
	EndGlobalSection
	GlobalSection(ExtensibilityGlobals) = postSolution
		SolutionGuid = {DD90697F-1105-44DA-827D-22D24AC0CF5A}
	EndGlobalSection
EndGlobal
